
Microsoft Visual Studio Solution File, Format Version 12.00
# Visual Studio Version 17
VisualStudioVersion = 17.4.33213.308
MinimumVisualStudioVersion = 10.0.40219.1
Project("{8BC9CEB8-8B4A-11D0-8D11-00A0C91BC942}") = "01_intro", "01_intro\01_intro.vcxproj", "{9C7FA20D-86DB-417A-9E6C-890A97BB02DF}"
EndProject
Project("{8BC9CEB8-8B4A-11D0-8D11-00A0C91BC942}") = "01_helper home", "01_helper home\01_helper home.vcxproj", "{4D20A205-8E00-4E41-8240-559599C9D171}"
EndProject
Project("{8BC9CEB8-8B4A-11D0-8D11-00A0C91BC942}") = "02_ctor dtor constMethod", "02_ctor dtor constMethod\02_ctor dtor constMethod.vcxproj", "{C7175573-3408-44D7-853A-A232548F4AB4}"
EndProject
Project("{8BC9CEB8-8B4A-11D0-8D11-00A0C91BC942}") = "03_copy Ctor_ static method_field", "03_copy Ctor_ static method_field\03_copy Ctor_ static method_field.vcxproj", "{D84C27FA-67FD-4A43-8B9E-7F927BFB284D}"
EndProject
Project("{8BC9CEB8-8B4A-11D0-8D11-00A0C91BC942}") = "04_helper Fraction", "04_helper Fraction\04_helper Fraction.vcxproj", "{FCB2DDAD-D578-4848-9C4B-CB784246BA81}"
EndProject
Project("{8BC9CEB8-8B4A-11D0-8D11-00A0C91BC942}") = "05_overload operators index", "05_overload operators index\05_overload operators index.vcxproj", "{0B423D49-0148-4C71-8839-A2447DF809BF}"
EndProject
Project("{8BC9CEB8-8B4A-11D0-8D11-00A0C91BC942}") = "06_friends methods_function", "06_friends methods_function\06_friends methods_function.vcxproj", "{DBC6408A-69A7-4366-85AA-BA7C52314004}"
EndProject
Project("{8BC9CEB8-8B4A-11D0-8D11-00A0C91BC942}") = "07_template class", "07_template class\07_template class.vcxproj", "{D6365E64-B81F-4C89-802F-661213FE8D76}"
EndProject
Project("{8BC9CEB8-8B4A-11D0-8D11-00A0C91BC942}") = "08_Stack", "08_Stack\08_Stack.vcxproj", "{5640BDD9-9F6E-4E77-8E19-1A3FDBDF0351}"
EndProject
Project("{8BC9CEB8-8B4A-11D0-8D11-00A0C91BC942}") = "08_helperTask", "08_helperTask\08_helperTask.vcxproj", "{44D5BD87-830C-4D0C-AC2C-B66205E1B9BD}"
EndProject
Project("{8BC9CEB8-8B4A-11D0-8D11-00A0C91BC942}") = "09_ForwardList", "09_ForwardList\09_ForwardList.vcxproj", "{CFC12F92-6DC7-4FF3-90DE-A7F811210CA4}"
EndProject
Project("{8BC9CEB8-8B4A-11D0-8D11-00A0C91BC942}") = "10_DoubleList", "10_DoubleList\10_DoubleList.vcxproj", "{69BC3E8C-365B-4D6D-8DFD-BB2C04EE5ECB}"
EndProject
Project("{8BC9CEB8-8B4A-11D0-8D11-00A0C91BC942}") = "11_BinaryThee", "11_BinaryThee\11_BinaryThee.vcxproj", "{D53699AA-576E-4271-8EC5-ECB090966056}"
EndProject
Project("{8BC9CEB8-8B4A-11D0-8D11-00A0C91BC942}") = "12_aggregation", "12_фппкупфешщт\12_фппкупфешщт.vcxproj", "{D39D5E5B-3BB7-4DF5-B11D-EBE66141BC82}"
EndProject
Project("{8BC9CEB8-8B4A-11D0-8D11-00A0C91BC942}") = "13_composition", "13_composition\13_composition.vcxproj", "{914E9EC6-1CBE-4F77-8CB7-C45FCE7EDEB6}"
EndProject
Project("{8BC9CEB8-8B4A-11D0-8D11-00A0C91BC942}") = "14_inheritance", "14_inheritance\14_inheritance.vcxproj", "{0FC2491C-A0EF-448E-A777-A54FD1B227AA}"
EndProject
Project("{8BC9CEB8-8B4A-11D0-8D11-00A0C91BC942}") = "15_MultInheritancr", "15_MultInheritancr\15_MultInheritancr.vcxproj", "{2373C1B5-16DB-4CE8-87BA-5E54FAEE92F3}"
EndProject
Project("{8BC9CEB8-8B4A-11D0-8D11-00A0C91BC942}") = "16_static_cast", "16_static_cast\16_static_cast.vcxproj", "{C1D2131A-9432-4B3D-88DC-0A98F8AF5064}"
EndProject
Project("{8BC9CEB8-8B4A-11D0-8D11-00A0C91BC942}") = "16_const_cast", "16_const_cast\16_const_cast.vcxproj", "{6BDC19D3-7D81-4B3E-AD51-B73B73ED8649}"
EndProject
Project("{8BC9CEB8-8B4A-11D0-8D11-00A0C91BC942}") = "16_dynamic_cast", "16_dynamic_cast\16_dynamic_cast.vcxproj", "{FD45F651-09A3-483D-8B64-0F723B06A48F}"
EndProject
Project("{8BC9CEB8-8B4A-11D0-8D11-00A0C91BC942}") = "17_interface", "17_interface\17_interface.vcxproj", "{F01873F9-C2D0-4859-BB1F-5BC2723C0FA9}"
EndProject
Project("{8BC9CEB8-8B4A-11D0-8D11-00A0C91BC942}") = "16_helper abstract", "16_helper abstract\16_helper abstract.vcxproj", "{67F44894-11FF-4BFA-BAF1-DB93D12BECC9}"
EndProject
Project("{8BC9CEB8-8B4A-11D0-8D11-00A0C91BC942}") = "18_Exception", "18_Exception\18_Exception.vcxproj", "{1699139E-B3EE-48E7-A8AC-E8792AF7A3BE}"
EndProject
Project("{8BC9CEB8-8B4A-11D0-8D11-00A0C91BC942}") = "18_myException", "18_myException\18_myException.vcxproj", "{A42EBF04-7DAC-4CA3-A848-2FAA5A2522CD}"
EndProject
Project("{8BC9CEB8-8B4A-11D0-8D11-00A0C91BC942}") = "18_std_exception", "18_std_exception\18_std_exception.vcxproj", "{75A3969B-D090-47D3-B650-C38F16C8428E}"
EndProject
Project("{8BC9CEB8-8B4A-11D0-8D11-00A0C91BC942}") = "18_MyException by std", "18_MyException by std\18_MyException by std.vcxproj", "{6CE40DE4-2331-4983-A841-BFB6262CD03E}"
EndProject
Global
	GlobalSection(SolutionConfigurationPlatforms) = preSolution
		Debug|x64 = Debug|x64
		Debug|x86 = Debug|x86
		Release|x64 = Release|x64
		Release|x86 = Release|x86
	EndGlobalSection
	GlobalSection(ProjectConfigurationPlatforms) = postSolution
		{9C7FA20D-86DB-417A-9E6C-890A97BB02DF}.Debug|x64.ActiveCfg = Debug|x64
		{9C7FA20D-86DB-417A-9E6C-890A97BB02DF}.Debug|x64.Build.0 = Debug|x64
		{9C7FA20D-86DB-417A-9E6C-890A97BB02DF}.Debug|x86.ActiveCfg = Debug|Win32
		{9C7FA20D-86DB-417A-9E6C-890A97BB02DF}.Debug|x86.Build.0 = Debug|Win32
		{9C7FA20D-86DB-417A-9E6C-890A97BB02DF}.Release|x64.ActiveCfg = Release|x64
		{9C7FA20D-86DB-417A-9E6C-890A97BB02DF}.Release|x64.Build.0 = Release|x64
		{9C7FA20D-86DB-417A-9E6C-890A97BB02DF}.Release|x86.ActiveCfg = Release|Win32
		{9C7FA20D-86DB-417A-9E6C-890A97BB02DF}.Release|x86.Build.0 = Release|Win32
		{4D20A205-8E00-4E41-8240-559599C9D171}.Debug|x64.ActiveCfg = Debug|x64
		{4D20A205-8E00-4E41-8240-559599C9D171}.Debug|x64.Build.0 = Debug|x64
		{4D20A205-8E00-4E41-8240-559599C9D171}.Debug|x86.ActiveCfg = Debug|Win32
		{4D20A205-8E00-4E41-8240-559599C9D171}.Debug|x86.Build.0 = Debug|Win32
		{4D20A205-8E00-4E41-8240-559599C9D171}.Release|x64.ActiveCfg = Release|x64
		{4D20A205-8E00-4E41-8240-559599C9D171}.Release|x64.Build.0 = Release|x64
		{4D20A205-8E00-4E41-8240-559599C9D171}.Release|x86.ActiveCfg = Release|Win32
		{4D20A205-8E00-4E41-8240-559599C9D171}.Release|x86.Build.0 = Release|Win32
		{C7175573-3408-44D7-853A-A232548F4AB4}.Debug|x64.ActiveCfg = Debug|x64
		{C7175573-3408-44D7-853A-A232548F4AB4}.Debug|x64.Build.0 = Debug|x64
		{C7175573-3408-44D7-853A-A232548F4AB4}.Debug|x86.ActiveCfg = Debug|Win32
		{C7175573-3408-44D7-853A-A232548F4AB4}.Debug|x86.Build.0 = Debug|Win32
		{C7175573-3408-44D7-853A-A232548F4AB4}.Release|x64.ActiveCfg = Release|x64
		{C7175573-3408-44D7-853A-A232548F4AB4}.Release|x64.Build.0 = Release|x64
		{C7175573-3408-44D7-853A-A232548F4AB4}.Release|x86.ActiveCfg = Release|Win32
		{C7175573-3408-44D7-853A-A232548F4AB4}.Release|x86.Build.0 = Release|Win32
		{D84C27FA-67FD-4A43-8B9E-7F927BFB284D}.Debug|x64.ActiveCfg = Debug|x64
		{D84C27FA-67FD-4A43-8B9E-7F927BFB284D}.Debug|x64.Build.0 = Debug|x64
		{D84C27FA-67FD-4A43-8B9E-7F927BFB284D}.Debug|x86.ActiveCfg = Debug|Win32
		{D84C27FA-67FD-4A43-8B9E-7F927BFB284D}.Debug|x86.Build.0 = Debug|Win32
		{D84C27FA-67FD-4A43-8B9E-7F927BFB284D}.Release|x64.ActiveCfg = Release|x64
		{D84C27FA-67FD-4A43-8B9E-7F927BFB284D}.Release|x64.Build.0 = Release|x64
		{D84C27FA-67FD-4A43-8B9E-7F927BFB284D}.Release|x86.ActiveCfg = Release|Win32
		{D84C27FA-67FD-4A43-8B9E-7F927BFB284D}.Release|x86.Build.0 = Release|Win32
		{FCB2DDAD-D578-4848-9C4B-CB784246BA81}.Debug|x64.ActiveCfg = Debug|x64
		{FCB2DDAD-D578-4848-9C4B-CB784246BA81}.Debug|x64.Build.0 = Debug|x64
		{FCB2DDAD-D578-4848-9C4B-CB784246BA81}.Debug|x86.ActiveCfg = Debug|Win32
		{FCB2DDAD-D578-4848-9C4B-CB784246BA81}.Debug|x86.Build.0 = Debug|Win32
		{FCB2DDAD-D578-4848-9C4B-CB784246BA81}.Release|x64.ActiveCfg = Release|x64
		{FCB2DDAD-D578-4848-9C4B-CB784246BA81}.Release|x64.Build.0 = Release|x64
		{FCB2DDAD-D578-4848-9C4B-CB784246BA81}.Release|x86.ActiveCfg = Release|Win32
		{FCB2DDAD-D578-4848-9C4B-CB784246BA81}.Release|x86.Build.0 = Release|Win32
		{0B423D49-0148-4C71-8839-A2447DF809BF}.Debug|x64.ActiveCfg = Debug|x64
		{0B423D49-0148-4C71-8839-A2447DF809BF}.Debug|x64.Build.0 = Debug|x64
		{0B423D49-0148-4C71-8839-A2447DF809BF}.Debug|x86.ActiveCfg = Debug|Win32
		{0B423D49-0148-4C71-8839-A2447DF809BF}.Debug|x86.Build.0 = Debug|Win32
		{0B423D49-0148-4C71-8839-A2447DF809BF}.Release|x64.ActiveCfg = Release|x64
		{0B423D49-0148-4C71-8839-A2447DF809BF}.Release|x64.Build.0 = Release|x64
		{0B423D49-0148-4C71-8839-A2447DF809BF}.Release|x86.ActiveCfg = Release|Win32
		{0B423D49-0148-4C71-8839-A2447DF809BF}.Release|x86.Build.0 = Release|Win32
		{DBC6408A-69A7-4366-85AA-BA7C52314004}.Debug|x64.ActiveCfg = Debug|x64
		{DBC6408A-69A7-4366-85AA-BA7C52314004}.Debug|x64.Build.0 = Debug|x64
		{DBC6408A-69A7-4366-85AA-BA7C52314004}.Debug|x86.ActiveCfg = Debug|Win32
		{DBC6408A-69A7-4366-85AA-BA7C52314004}.Debug|x86.Build.0 = Debug|Win32
		{DBC6408A-69A7-4366-85AA-BA7C52314004}.Release|x64.ActiveCfg = Release|x64
		{DBC6408A-69A7-4366-85AA-BA7C52314004}.Release|x64.Build.0 = Release|x64
		{DBC6408A-69A7-4366-85AA-BA7C52314004}.Release|x86.ActiveCfg = Release|Win32
		{DBC6408A-69A7-4366-85AA-BA7C52314004}.Release|x86.Build.0 = Release|Win32
		{D6365E64-B81F-4C89-802F-661213FE8D76}.Debug|x64.ActiveCfg = Debug|x64
		{D6365E64-B81F-4C89-802F-661213FE8D76}.Debug|x64.Build.0 = Debug|x64
		{D6365E64-B81F-4C89-802F-661213FE8D76}.Debug|x86.ActiveCfg = Debug|Win32
		{D6365E64-B81F-4C89-802F-661213FE8D76}.Debug|x86.Build.0 = Debug|Win32
		{D6365E64-B81F-4C89-802F-661213FE8D76}.Release|x64.ActiveCfg = Release|x64
		{D6365E64-B81F-4C89-802F-661213FE8D76}.Release|x64.Build.0 = Release|x64
		{D6365E64-B81F-4C89-802F-661213FE8D76}.Release|x86.ActiveCfg = Release|Win32
		{D6365E64-B81F-4C89-802F-661213FE8D76}.Release|x86.Build.0 = Release|Win32
		{5640BDD9-9F6E-4E77-8E19-1A3FDBDF0351}.Debug|x64.ActiveCfg = Debug|x64
		{5640BDD9-9F6E-4E77-8E19-1A3FDBDF0351}.Debug|x64.Build.0 = Debug|x64
		{5640BDD9-9F6E-4E77-8E19-1A3FDBDF0351}.Debug|x86.ActiveCfg = Debug|Win32
		{5640BDD9-9F6E-4E77-8E19-1A3FDBDF0351}.Debug|x86.Build.0 = Debug|Win32
		{5640BDD9-9F6E-4E77-8E19-1A3FDBDF0351}.Release|x64.ActiveCfg = Release|x64
		{5640BDD9-9F6E-4E77-8E19-1A3FDBDF0351}.Release|x64.Build.0 = Release|x64
		{5640BDD9-9F6E-4E77-8E19-1A3FDBDF0351}.Release|x86.ActiveCfg = Release|Win32
		{5640BDD9-9F6E-4E77-8E19-1A3FDBDF0351}.Release|x86.Build.0 = Release|Win32
		{44D5BD87-830C-4D0C-AC2C-B66205E1B9BD}.Debug|x64.ActiveCfg = Debug|x64
		{44D5BD87-830C-4D0C-AC2C-B66205E1B9BD}.Debug|x64.Build.0 = Debug|x64
		{44D5BD87-830C-4D0C-AC2C-B66205E1B9BD}.Debug|x86.ActiveCfg = Debug|Win32
		{44D5BD87-830C-4D0C-AC2C-B66205E1B9BD}.Debug|x86.Build.0 = Debug|Win32
		{44D5BD87-830C-4D0C-AC2C-B66205E1B9BD}.Release|x64.ActiveCfg = Release|x64
		{44D5BD87-830C-4D0C-AC2C-B66205E1B9BD}.Release|x64.Build.0 = Release|x64
		{44D5BD87-830C-4D0C-AC2C-B66205E1B9BD}.Release|x86.ActiveCfg = Release|Win32
		{44D5BD87-830C-4D0C-AC2C-B66205E1B9BD}.Release|x86.Build.0 = Release|Win32
		{CFC12F92-6DC7-4FF3-90DE-A7F811210CA4}.Debug|x64.ActiveCfg = Debug|x64
		{CFC12F92-6DC7-4FF3-90DE-A7F811210CA4}.Debug|x64.Build.0 = Debug|x64
		{CFC12F92-6DC7-4FF3-90DE-A7F811210CA4}.Debug|x86.ActiveCfg = Debug|Win32
		{CFC12F92-6DC7-4FF3-90DE-A7F811210CA4}.Debug|x86.Build.0 = Debug|Win32
		{CFC12F92-6DC7-4FF3-90DE-A7F811210CA4}.Release|x64.ActiveCfg = Release|x64
		{CFC12F92-6DC7-4FF3-90DE-A7F811210CA4}.Release|x64.Build.0 = Release|x64
		{CFC12F92-6DC7-4FF3-90DE-A7F811210CA4}.Release|x86.ActiveCfg = Release|Win32
		{CFC12F92-6DC7-4FF3-90DE-A7F811210CA4}.Release|x86.Build.0 = Release|Win32
		{69BC3E8C-365B-4D6D-8DFD-BB2C04EE5ECB}.Debug|x64.ActiveCfg = Debug|x64
		{69BC3E8C-365B-4D6D-8DFD-BB2C04EE5ECB}.Debug|x64.Build.0 = Debug|x64
		{69BC3E8C-365B-4D6D-8DFD-BB2C04EE5ECB}.Debug|x86.ActiveCfg = Debug|Win32
		{69BC3E8C-365B-4D6D-8DFD-BB2C04EE5ECB}.Debug|x86.Build.0 = Debug|Win32
		{69BC3E8C-365B-4D6D-8DFD-BB2C04EE5ECB}.Release|x64.ActiveCfg = Release|x64
		{69BC3E8C-365B-4D6D-8DFD-BB2C04EE5ECB}.Release|x64.Build.0 = Release|x64
		{69BC3E8C-365B-4D6D-8DFD-BB2C04EE5ECB}.Release|x86.ActiveCfg = Release|Win32
		{69BC3E8C-365B-4D6D-8DFD-BB2C04EE5ECB}.Release|x86.Build.0 = Release|Win32
		{D53699AA-576E-4271-8EC5-ECB090966056}.Debug|x64.ActiveCfg = Debug|x64
		{D53699AA-576E-4271-8EC5-ECB090966056}.Debug|x64.Build.0 = Debug|x64
		{D53699AA-576E-4271-8EC5-ECB090966056}.Debug|x86.ActiveCfg = Debug|Win32
		{D53699AA-576E-4271-8EC5-ECB090966056}.Debug|x86.Build.0 = Debug|Win32
		{D53699AA-576E-4271-8EC5-ECB090966056}.Release|x64.ActiveCfg = Release|x64
		{D53699AA-576E-4271-8EC5-ECB090966056}.Release|x64.Build.0 = Release|x64
		{D53699AA-576E-4271-8EC5-ECB090966056}.Release|x86.ActiveCfg = Release|Win32
		{D53699AA-576E-4271-8EC5-ECB090966056}.Release|x86.Build.0 = Release|Win32
		{D39D5E5B-3BB7-4DF5-B11D-EBE66141BC82}.Debug|x64.ActiveCfg = Debug|x64
		{D39D5E5B-3BB7-4DF5-B11D-EBE66141BC82}.Debug|x64.Build.0 = Debug|x64
		{D39D5E5B-3BB7-4DF5-B11D-EBE66141BC82}.Debug|x86.ActiveCfg = Debug|Win32
		{D39D5E5B-3BB7-4DF5-B11D-EBE66141BC82}.Debug|x86.Build.0 = Debug|Win32
		{D39D5E5B-3BB7-4DF5-B11D-EBE66141BC82}.Release|x64.ActiveCfg = Release|x64
		{D39D5E5B-3BB7-4DF5-B11D-EBE66141BC82}.Release|x64.Build.0 = Release|x64
		{D39D5E5B-3BB7-4DF5-B11D-EBE66141BC82}.Release|x86.ActiveCfg = Release|Win32
		{D39D5E5B-3BB7-4DF5-B11D-EBE66141BC82}.Release|x86.Build.0 = Release|Win32
		{914E9EC6-1CBE-4F77-8CB7-C45FCE7EDEB6}.Debug|x64.ActiveCfg = Debug|x64
		{914E9EC6-1CBE-4F77-8CB7-C45FCE7EDEB6}.Debug|x64.Build.0 = Debug|x64
		{914E9EC6-1CBE-4F77-8CB7-C45FCE7EDEB6}.Debug|x86.ActiveCfg = Debug|Win32
		{914E9EC6-1CBE-4F77-8CB7-C45FCE7EDEB6}.Debug|x86.Build.0 = Debug|Win32
		{914E9EC6-1CBE-4F77-8CB7-C45FCE7EDEB6}.Release|x64.ActiveCfg = Release|x64
		{914E9EC6-1CBE-4F77-8CB7-C45FCE7EDEB6}.Release|x64.Build.0 = Release|x64
		{914E9EC6-1CBE-4F77-8CB7-C45FCE7EDEB6}.Release|x86.ActiveCfg = Release|Win32
		{914E9EC6-1CBE-4F77-8CB7-C45FCE7EDEB6}.Release|x86.Build.0 = Release|Win32
		{0FC2491C-A0EF-448E-A777-A54FD1B227AA}.Debug|x64.ActiveCfg = Debug|x64
		{0FC2491C-A0EF-448E-A777-A54FD1B227AA}.Debug|x64.Build.0 = Debug|x64
		{0FC2491C-A0EF-448E-A777-A54FD1B227AA}.Debug|x86.ActiveCfg = Debug|Win32
		{0FC2491C-A0EF-448E-A777-A54FD1B227AA}.Debug|x86.Build.0 = Debug|Win32
		{0FC2491C-A0EF-448E-A777-A54FD1B227AA}.Release|x64.ActiveCfg = Release|x64
		{0FC2491C-A0EF-448E-A777-A54FD1B227AA}.Release|x64.Build.0 = Release|x64
		{0FC2491C-A0EF-448E-A777-A54FD1B227AA}.Release|x86.ActiveCfg = Release|Win32
		{0FC2491C-A0EF-448E-A777-A54FD1B227AA}.Release|x86.Build.0 = Release|Win32
		{2373C1B5-16DB-4CE8-87BA-5E54FAEE92F3}.Debug|x64.ActiveCfg = Debug|x64
		{2373C1B5-16DB-4CE8-87BA-5E54FAEE92F3}.Debug|x64.Build.0 = Debug|x64
		{2373C1B5-16DB-4CE8-87BA-5E54FAEE92F3}.Debug|x86.ActiveCfg = Debug|Win32
		{2373C1B5-16DB-4CE8-87BA-5E54FAEE92F3}.Debug|x86.Build.0 = Debug|Win32
		{2373C1B5-16DB-4CE8-87BA-5E54FAEE92F3}.Release|x64.ActiveCfg = Release|x64
		{2373C1B5-16DB-4CE8-87BA-5E54FAEE92F3}.Release|x64.Build.0 = Release|x64
		{2373C1B5-16DB-4CE8-87BA-5E54FAEE92F3}.Release|x86.ActiveCfg = Release|Win32
		{2373C1B5-16DB-4CE8-87BA-5E54FAEE92F3}.Release|x86.Build.0 = Release|Win32
		{C1D2131A-9432-4B3D-88DC-0A98F8AF5064}.Debug|x64.ActiveCfg = Debug|x64
		{C1D2131A-9432-4B3D-88DC-0A98F8AF5064}.Debug|x64.Build.0 = Debug|x64
		{C1D2131A-9432-4B3D-88DC-0A98F8AF5064}.Debug|x86.ActiveCfg = Debug|Win32
		{C1D2131A-9432-4B3D-88DC-0A98F8AF5064}.Debug|x86.Build.0 = Debug|Win32
		{C1D2131A-9432-4B3D-88DC-0A98F8AF5064}.Release|x64.ActiveCfg = Release|x64
		{C1D2131A-9432-4B3D-88DC-0A98F8AF5064}.Release|x64.Build.0 = Release|x64
		{C1D2131A-9432-4B3D-88DC-0A98F8AF5064}.Release|x86.ActiveCfg = Release|Win32
		{C1D2131A-9432-4B3D-88DC-0A98F8AF5064}.Release|x86.Build.0 = Release|Win32
		{6BDC19D3-7D81-4B3E-AD51-B73B73ED8649}.Debug|x64.ActiveCfg = Debug|x64
		{6BDC19D3-7D81-4B3E-AD51-B73B73ED8649}.Debug|x64.Build.0 = Debug|x64
		{6BDC19D3-7D81-4B3E-AD51-B73B73ED8649}.Debug|x86.ActiveCfg = Debug|Win32
		{6BDC19D3-7D81-4B3E-AD51-B73B73ED8649}.Debug|x86.Build.0 = Debug|Win32
		{6BDC19D3-7D81-4B3E-AD51-B73B73ED8649}.Release|x64.ActiveCfg = Release|x64
		{6BDC19D3-7D81-4B3E-AD51-B73B73ED8649}.Release|x64.Build.0 = Release|x64
		{6BDC19D3-7D81-4B3E-AD51-B73B73ED8649}.Release|x86.ActiveCfg = Release|Win32
		{6BDC19D3-7D81-4B3E-AD51-B73B73ED8649}.Release|x86.Build.0 = Release|Win32
		{FD45F651-09A3-483D-8B64-0F723B06A48F}.Debug|x64.ActiveCfg = Debug|x64
		{FD45F651-09A3-483D-8B64-0F723B06A48F}.Debug|x64.Build.0 = Debug|x64
		{FD45F651-09A3-483D-8B64-0F723B06A48F}.Debug|x86.ActiveCfg = Debug|Win32
		{FD45F651-09A3-483D-8B64-0F723B06A48F}.Debug|x86.Build.0 = Debug|Win32
		{FD45F651-09A3-483D-8B64-0F723B06A48F}.Release|x64.ActiveCfg = Release|x64
		{FD45F651-09A3-483D-8B64-0F723B06A48F}.Release|x64.Build.0 = Release|x64
		{FD45F651-09A3-483D-8B64-0F723B06A48F}.Release|x86.ActiveCfg = Release|Win32
		{FD45F651-09A3-483D-8B64-0F723B06A48F}.Release|x86.Build.0 = Release|Win32
		{F01873F9-C2D0-4859-BB1F-5BC2723C0FA9}.Debug|x64.ActiveCfg = Debug|x64
		{F01873F9-C2D0-4859-BB1F-5BC2723C0FA9}.Debug|x64.Build.0 = Debug|x64
		{F01873F9-C2D0-4859-BB1F-5BC2723C0FA9}.Debug|x86.ActiveCfg = Debug|Win32
		{F01873F9-C2D0-4859-BB1F-5BC2723C0FA9}.Debug|x86.Build.0 = Debug|Win32
		{F01873F9-C2D0-4859-BB1F-5BC2723C0FA9}.Release|x64.ActiveCfg = Release|x64
		{F01873F9-C2D0-4859-BB1F-5BC2723C0FA9}.Release|x64.Build.0 = Release|x64
		{F01873F9-C2D0-4859-BB1F-5BC2723C0FA9}.Release|x86.ActiveCfg = Release|Win32
		{F01873F9-C2D0-4859-BB1F-5BC2723C0FA9}.Release|x86.Build.0 = Release|Win32
		{67F44894-11FF-4BFA-BAF1-DB93D12BECC9}.Debug|x64.ActiveCfg = Debug|x64
		{67F44894-11FF-4BFA-BAF1-DB93D12BECC9}.Debug|x64.Build.0 = Debug|x64
		{67F44894-11FF-4BFA-BAF1-DB93D12BECC9}.Debug|x86.ActiveCfg = Debug|Win32
		{67F44894-11FF-4BFA-BAF1-DB93D12BECC9}.Debug|x86.Build.0 = Debug|Win32
		{67F44894-11FF-4BFA-BAF1-DB93D12BECC9}.Release|x64.ActiveCfg = Release|x64
		{67F44894-11FF-4BFA-BAF1-DB93D12BECC9}.Release|x64.Build.0 = Release|x64
		{67F44894-11FF-4BFA-BAF1-DB93D12BECC9}.Release|x86.ActiveCfg = Release|Win32
		{67F44894-11FF-4BFA-BAF1-DB93D12BECC9}.Release|x86.Build.0 = Release|Win32
		{1699139E-B3EE-48E7-A8AC-E8792AF7A3BE}.Debug|x64.ActiveCfg = Debug|x64
		{1699139E-B3EE-48E7-A8AC-E8792AF7A3BE}.Debug|x64.Build.0 = Debug|x64
		{1699139E-B3EE-48E7-A8AC-E8792AF7A3BE}.Debug|x86.ActiveCfg = Debug|Win32
		{1699139E-B3EE-48E7-A8AC-E8792AF7A3BE}.Debug|x86.Build.0 = Debug|Win32
		{1699139E-B3EE-48E7-A8AC-E8792AF7A3BE}.Release|x64.ActiveCfg = Release|x64
		{1699139E-B3EE-48E7-A8AC-E8792AF7A3BE}.Release|x64.Build.0 = Release|x64
		{1699139E-B3EE-48E7-A8AC-E8792AF7A3BE}.Release|x86.ActiveCfg = Release|Win32
		{1699139E-B3EE-48E7-A8AC-E8792AF7A3BE}.Release|x86.Build.0 = Release|Win32
		{A42EBF04-7DAC-4CA3-A848-2FAA5A2522CD}.Debug|x64.ActiveCfg = Debug|x64
		{A42EBF04-7DAC-4CA3-A848-2FAA5A2522CD}.Debug|x64.Build.0 = Debug|x64
		{A42EBF04-7DAC-4CA3-A848-2FAA5A2522CD}.Debug|x86.ActiveCfg = Debug|Win32
		{A42EBF04-7DAC-4CA3-A848-2FAA5A2522CD}.Debug|x86.Build.0 = Debug|Win32
		{A42EBF04-7DAC-4CA3-A848-2FAA5A2522CD}.Release|x64.ActiveCfg = Release|x64
		{A42EBF04-7DAC-4CA3-A848-2FAA5A2522CD}.Release|x64.Build.0 = Release|x64
		{A42EBF04-7DAC-4CA3-A848-2FAA5A2522CD}.Release|x86.ActiveCfg = Release|Win32
		{A42EBF04-7DAC-4CA3-A848-2FAA5A2522CD}.Release|x86.Build.0 = Release|Win32
		{75A3969B-D090-47D3-B650-C38F16C8428E}.Debug|x64.ActiveCfg = Debug|x64
		{75A3969B-D090-47D3-B650-C38F16C8428E}.Debug|x64.Build.0 = Debug|x64
		{75A3969B-D090-47D3-B650-C38F16C8428E}.Debug|x86.ActiveCfg = Debug|Win32
		{75A3969B-D090-47D3-B650-C38F16C8428E}.Debug|x86.Build.0 = Debug|Win32
		{75A3969B-D090-47D3-B650-C38F16C8428E}.Release|x64.ActiveCfg = Release|x64
		{75A3969B-D090-47D3-B650-C38F16C8428E}.Release|x64.Build.0 = Release|x64
		{75A3969B-D090-47D3-B650-C38F16C8428E}.Release|x86.ActiveCfg = Release|Win32
		{75A3969B-D090-47D3-B650-C38F16C8428E}.Release|x86.Build.0 = Release|Win32
		{6CE40DE4-2331-4983-A841-BFB6262CD03E}.Debug|x64.ActiveCfg = Debug|x64
		{6CE40DE4-2331-4983-A841-BFB6262CD03E}.Debug|x64.Build.0 = Debug|x64
		{6CE40DE4-2331-4983-A841-BFB6262CD03E}.Debug|x86.ActiveCfg = Debug|Win32
		{6CE40DE4-2331-4983-A841-BFB6262CD03E}.Debug|x86.Build.0 = Debug|Win32
		{6CE40DE4-2331-4983-A841-BFB6262CD03E}.Release|x64.ActiveCfg = Release|x64
		{6CE40DE4-2331-4983-A841-BFB6262CD03E}.Release|x64.Build.0 = Release|x64
		{6CE40DE4-2331-4983-A841-BFB6262CD03E}.Release|x86.ActiveCfg = Release|Win32
		{6CE40DE4-2331-4983-A841-BFB6262CD03E}.Release|x86.Build.0 = Release|Win32
	EndGlobalSection
	GlobalSection(SolutionProperties) = preSolution
		HideSolutionNode = FALSE
	EndGlobalSection
	GlobalSection(ExtensibilityGlobals) = postSolution
		SolutionGuid = {1C3C4F39-ECAB-448F-9A1E-699446D7D042}
	EndGlobalSection
EndGlobal
